
Microsoft Visual Studio Solution File, Format Version 11.00
# Visual Studio 2010
Project("{8BC9CEB8-8B4A-11D0-8D11-00A0C91BC942}") = "Problem 11", "Problem 11\Problem 11.vcxproj", "{40581F53-17DA-4E74-B7B0-587A296E19DD}"
EndProject
Global
	GlobalSection(SolutionConfigurationPlatforms) = preSolution
		Debug|Win32 = Debug|Win32
		Release|Win32 = Release|Win32
	EndGlobalSection
	GlobalSection(ProjectConfigurationPlatforms) = postSolution
		{40581F53-17DA-4E74-B7B0-587A296E19DD}.Debug|Win32.ActiveCfg = Debug|Win32
		{40581F53-17DA-4E74-B7B0-587A296E19DD}.Debug|Win32.Build.0 = Debug|Win32
		{40581F53-17DA-4E74-B7B0-587A296E19DD}.Release|Win32.ActiveCfg = Release|Win32
		{40581F53-17DA-4E74-B7B0-587A296E19DD}.Release|Win32.Build.0 = Release|Win32
	EndGlobalSection
	GlobalSection(SolutionProperties) = preSolution
		HideSolutionNode = FALSE
	EndGlobalSection
EndGlobal
